
Microsoft Visual Studio Solution File, Format Version 12.00
# Visual Studio Version 17
VisualStudioVersion = 17.13.35825.156
MinimumVisualStudioVersion = 10.0.40219.1
Project("{FAE04EC0-301F-11D3-BF4B-00C04F79EFBC}") = "StructViz3D", "StructViz3D.csproj", "{74DD6E48-75FE-450E-B9EE-75887FF70554}"
EndProject
Project("{54435603-DBB4-11D2-8724-00A0C9A8B90C}") = "Setup1", "..\Setup1\Setup1.vdproj", "{82A23954-A0D5-E4C3-5500-861FACC02964}"
EndProject
Global
	GlobalSection(SolutionConfigurationPlatforms) = preSolution
		Debug|Any CPU = Debug|Any CPU
		Release|Any CPU = Release|Any CPU
	EndGlobalSection
	GlobalSection(ProjectConfigurationPlatforms) = postSolution
		{74DD6E48-75FE-450E-B9EE-75887FF70554}.Debug|Any CPU.ActiveCfg = Debug|Any CPU
		{74DD6E48-75FE-450E-B9EE-75887FF70554}.Debug|Any CPU.Build.0 = Debug|Any CPU
		{74DD6E48-75FE-450E-B9EE-75887FF70554}.Release|Any CPU.ActiveCfg = Release|Any CPU
		{74DD6E48-75FE-450E-B9EE-75887FF70554}.Release|Any CPU.Build.0 = Release|Any CPU
		{82A23954-A0D5-E4C3-5500-861FACC02964}.Debug|Any CPU.ActiveCfg = Debug
		{82A23954-A0D5-E4C3-5500-861FACC02964}.Release|Any CPU.ActiveCfg = Release
	EndGlobalSection
	GlobalSection(SolutionProperties) = preSolution
		HideSolutionNode = FALSE
	EndGlobalSection
	GlobalSection(ExtensibilityGlobals) = postSolution
		SolutionGuid = {6A1C02E3-539D-47F1-8540-3637DC69C09F}
	EndGlobalSection
EndGlobal
